
Microsoft Visual Studio Solution File, Format Version 12.00
# Visual Studio 15
VisualStudioVersion = 15.0.27703.2018
MinimumVisualStudioVersion = 10.0.40219.1
Project("{FAE04EC0-301F-11D3-BF4B-00C04F79EFBC}") = "Examen Final Alliage Médérick Côté", "Examen Final Alliage Médérick Côté\Examen Final Alliage Médérick Côté.csproj", "{D95B2920-9499-4BE7-8181-410A567BD853}"
EndProject
Global
	GlobalSection(SolutionConfigurationPlatforms) = preSolution
		Debug|Any CPU = Debug|Any CPU
		Release|Any CPU = Release|Any CPU
	EndGlobalSection
	GlobalSection(ProjectConfigurationPlatforms) = postSolution
		{D95B2920-9499-4BE7-8181-410A567BD853}.Debug|Any CPU.ActiveCfg = Debug|Any CPU
		{D95B2920-9499-4BE7-8181-410A567BD853}.Debug|Any CPU.Build.0 = Debug|Any CPU
		{D95B2920-9499-4BE7-8181-410A567BD853}.Release|Any CPU.ActiveCfg = Release|Any CPU
		{D95B2920-9499-4BE7-8181-410A567BD853}.Release|Any CPU.Build.0 = Release|Any CPU
	EndGlobalSection
	GlobalSection(SolutionProperties) = preSolution
		HideSolutionNode = FALSE
	EndGlobalSection
	GlobalSection(ExtensibilityGlobals) = postSolution
		SolutionGuid = {DD599DB8-2F8C-47D4-8A35-66D7BAA8167A}
	EndGlobalSection
EndGlobal
